// !$*UTF8*$!
{
	archiveVersion = 1;
	classes = {
	};
	objectVersion = 46;
	objects = {

/* Begin PBXBuildFile section */
		04E24044CEF94B66B35D1151 /* libPods.a in Frameworks */ = {isa = PBXBuildFile; fileRef = 1BB2CD8A46164308A3D4F577 /* libPods.a */; };
		27CEE6F6186D75A10055DECD /* Foundation.framework in Frameworks */ = {isa = PBXBuildFile; fileRef = 27CEE6F5186D75A10055DECD /* Foundation.framework */; };
		27CEE6F8186D75A10055DECD /* CoreGraphics.framework in Frameworks */ = {isa = PBXBuildFile; fileRef = 27CEE6F7186D75A10055DECD /* CoreGraphics.framework */; };
		27CEE6FA186D75A10055DECD /* UIKit.framework in Frameworks */ = {isa = PBXBuildFile; fileRef = 27CEE6F9186D75A10055DECD /* UIKit.framework */; };
		27CEE700186D75A10055DECD /* InfoPlist.strings in Resources */ = {isa = PBXBuildFile; fileRef = 27CEE6FE186D75A10055DECD /* InfoPlist.strings */; };
		27CEE702186D75A10055DECD /* main.m in Sources */ = {isa = PBXBuildFile; fileRef = 27CEE701186D75A10055DECD /* main.m */; };
		27CEE706186D75A10055DECD /* ERAppDelegate.m in Sources */ = {isa = PBXBuildFile; fileRef = 27CEE705186D75A10055DECD /* ERAppDelegate.m */; };
		27CEE708186D75A10055DECD /* Images.xcassets in Resources */ = {isa = PBXBuildFile; fileRef = 27CEE707186D75A10055DECD /* Images.xcassets */; };
		27CEE710186D75A10055DECD /* Foundation.framework in Frameworks */ = {isa = PBXBuildFile; fileRef = 27CEE6F5186D75A10055DECD /* Foundation.framework */; };
		27CEE711186D75A10055DECD /* UIKit.framework in Frameworks */ = {isa = PBXBuildFile; fileRef = 27CEE6F9186D75A10055DECD /* UIKit.framework */; };
		27CEE727186D77C10055DECD /* libsqlite3.dylib in Frameworks */ = {isa = PBXBuildFile; fileRef = 27CEE726186D77C10055DECD /* libsqlite3.dylib */; };
		27CEE729186D77DE0055DECD /* libz.dylib in Frameworks */ = {isa = PBXBuildFile; fileRef = 27CEE728186D77DE0055DECD /* libz.dylib */; };
		27CEE72F186D797A0055DECD /* libearth in Resources */ = {isa = PBXBuildFile; fileRef = 27CEE72E186D797A0055DECD /* libearth */; };
		27CEE7321870F36A0055DECD /* EREntryViewController.m in Sources */ = {isa = PBXBuildFile; fileRef = 27CEE7311870F36A0055DECD /* EREntryViewController.m */; };
		27DA9773186E69300014F581 /* ERSession.m in Sources */ = {isa = PBXBuildFile; fileRef = 27DA9772186E69300014F581 /* ERSession.m */; };
		27DA9776186E76C20014F581 /* ERPythonObject.m in Sources */ = {isa = PBXBuildFile; fileRef = 27DA9775186E76C20014F581 /* ERPythonObject.m */; };
		27DA9779186E7D540014F581 /* ERStage.m in Sources */ = {isa = PBXBuildFile; fileRef = 27DA9778186E7D540014F581 /* ERStage.m */; };
		27DA977C186E7D900014F581 /* ERRepo.m in Sources */ = {isa = PBXBuildFile; fileRef = 27DA977B186E7D900014F581 /* ERRepo.m */; };
		27DA977F186EBB9F0014F581 /* ERSubscriptionListViewController.m in Sources */ = {isa = PBXBuildFile; fileRef = 27DA977E186EBB9F0014F581 /* ERSubscriptionListViewController.m */; };
		27DA9782186EBCA90014F581 /* ERPythonSequence.m in Sources */ = {isa = PBXBuildFile; fileRef = 27DA9781186EBCA90014F581 /* ERPythonSequence.m */; };
		27DA9785186EC1A10014F581 /* ERSubscriptionList.m in Sources */ = {isa = PBXBuildFile; fileRef = 27DA9784186EC1A10014F581 /* ERSubscriptionList.m */; };
		27DA9787186EC7250014F581 /* kivy-ios-fat.a in Frameworks */ = {isa = PBXBuildFile; fileRef = 27DA9786186EC7250014F581 /* kivy-ios-fat.a */; };
		27DA9789186ED0020014F581 /* lib in Resources */ = {isa = PBXBuildFile; fileRef = 27DA9788186ED0020014F581 /* lib */; };
		27DA978C186ED8F60014F581 /* ERFeed.m in Sources */ = {isa = PBXBuildFile; fileRef = 27DA978B186ED8F60014F581 /* ERFeed.m */; };
		27DA978F186EE0730014F581 /* ERPythonMapping.m in Sources */ = {isa = PBXBuildFile; fileRef = 27DA978E186EE0730014F581 /* ERPythonMapping.m */; };
		27DA9791186EE9CF0014F581 /* helpers.py in Resources */ = {isa = PBXBuildFile; fileRef = 27DA9790186EE9CF0014F581 /* helpers.py */; };
		27DA9794186EF65C0014F581 /* ERFeedViewController.m in Sources */ = {isa = PBXBuildFile; fileRef = 27DA9793186EF65C0014F581 /* ERFeedViewController.m */; };
/* End PBXBuildFile section */

/* Begin PBXContainerItemProxy section */
		27CEE712186D75A10055DECD /* PBXContainerItemProxy */ = {
			isa = PBXContainerItemProxy;
			containerPortal = 27CEE6EA186D75A10055DECD /* Project object */;
			proxyType = 1;
			remoteGlobalIDString = 27CEE6F1186D75A10055DECD;
			remoteInfo = EarthReader;
		};
/* End PBXContainerItemProxy section */

/* Begin PBXFileReference section */
		1BB2CD8A46164308A3D4F577 /* libPods.a */ = {isa = PBXFileReference; explicitFileType = archive.ar; includeInIndex = 0; path = libPods.a; sourceTree = BUILT_PRODUCTS_DIR; };
		27CEE6F2186D75A10055DECD /* EarthReader.app */ = {isa = PBXFileReference; explicitFileType = wrapper.application; includeInIndex = 0; path = EarthReader.app; sourceTree = BUILT_PRODUCTS_DIR; };
		27CEE6F5186D75A10055DECD /* Foundation.framework */ = {isa = PBXFileReference; lastKnownFileType = wrapper.framework; name = Foundation.framework; path = System/Library/Frameworks/Foundation.framework; sourceTree = SDKROOT; };
		27CEE6F7186D75A10055DECD /* CoreGraphics.framework */ = {isa = PBXFileReference; lastKnownFileType = wrapper.framework; name = CoreGraphics.framework; path = System/Library/Frameworks/CoreGraphics.framework; sourceTree = SDKROOT; };
		27CEE6F9186D75A10055DECD /* UIKit.framework */ = {isa = PBXFileReference; lastKnownFileType = wrapper.framework; name = UIKit.framework; path = System/Library/Frameworks/UIKit.framework; sourceTree = SDKROOT; };
		27CEE6FD186D75A10055DECD /* EarthReader-Info.plist */ = {isa = PBXFileReference; lastKnownFileType = text.plist.xml; path = "EarthReader-Info.plist"; sourceTree = "<group>"; };
		27CEE6FF186D75A10055DECD /* en */ = {isa = PBXFileReference; lastKnownFileType = text.plist.strings; name = en; path = en.lproj/InfoPlist.strings; sourceTree = "<group>"; };
		27CEE701186D75A10055DECD /* main.m */ = {isa = PBXFileReference; lastKnownFileType = sourcecode.c.objc; path = main.m; sourceTree = "<group>"; };
		27CEE703186D75A10055DECD /* EarthReader-Prefix.pch */ = {isa = PBXFileReference; lastKnownFileType = sourcecode.c.h; path = "EarthReader-Prefix.pch"; sourceTree = "<group>"; };
		27CEE704186D75A10055DECD /* ERAppDelegate.h */ = {isa = PBXFileReference; lastKnownFileType = sourcecode.c.h; path = ERAppDelegate.h; sourceTree = "<group>"; };
		27CEE705186D75A10055DECD /* ERAppDelegate.m */ = {isa = PBXFileReference; lastKnownFileType = sourcecode.c.objc; path = ERAppDelegate.m; sourceTree = "<group>"; };
		27CEE707186D75A10055DECD /* Images.xcassets */ = {isa = PBXFileReference; lastKnownFileType = folder.assetcatalog; path = Images.xcassets; sourceTree = "<group>"; };
		27CEE70D186D75A10055DECD /* EarthReaderTests.xctest */ = {isa = PBXFileReference; explicitFileType = wrapper.cfbundle; includeInIndex = 0; path = EarthReaderTests.xctest; sourceTree = BUILT_PRODUCTS_DIR; };
		27CEE726186D77C10055DECD /* libsqlite3.dylib */ = {isa = PBXFileReference; lastKnownFileType = "compiled.mach-o.dylib"; name = libsqlite3.dylib; path = usr/lib/libsqlite3.dylib; sourceTree = SDKROOT; };
		27CEE728186D77DE0055DECD /* libz.dylib */ = {isa = PBXFileReference; lastKnownFileType = "compiled.mach-o.dylib"; name = libz.dylib; path = usr/lib/libz.dylib; sourceTree = SDKROOT; };
		27CEE72E186D797A0055DECD /* libearth */ = {isa = PBXFileReference; lastKnownFileType = folder; name = libearth; path = libearth/libearth; sourceTree = "<group>"; };
		27CEE7301870F36A0055DECD /* EREntryViewController.h */ = {isa = PBXFileReference; fileEncoding = 4; lastKnownFileType = sourcecode.c.h; path = EREntryViewController.h; sourceTree = "<group>"; };
		27CEE7311870F36A0055DECD /* EREntryViewController.m */ = {isa = PBXFileReference; fileEncoding = 4; lastKnownFileType = sourcecode.c.objc; path = EREntryViewController.m; sourceTree = "<group>"; };
		27DA9771186E69300014F581 /* ERSession.h */ = {isa = PBXFileReference; fileEncoding = 4; lastKnownFileType = sourcecode.c.h; path = ERSession.h; sourceTree = "<group>"; };
		27DA9772186E69300014F581 /* ERSession.m */ = {isa = PBXFileReference; fileEncoding = 4; lastKnownFileType = sourcecode.c.objc; path = ERSession.m; sourceTree = "<group>"; };
		27DA9774186E76C20014F581 /* ERPythonObject.h */ = {isa = PBXFileReference; fileEncoding = 4; lastKnownFileType = sourcecode.c.h; path = ERPythonObject.h; sourceTree = "<group>"; };
		27DA9775186E76C20014F581 /* ERPythonObject.m */ = {isa = PBXFileReference; fileEncoding = 4; lastKnownFileType = sourcecode.c.objc; path = ERPythonObject.m; sourceTree = "<group>"; };
		27DA9777186E7D540014F581 /* ERStage.h */ = {isa = PBXFileReference; fileEncoding = 4; lastKnownFileType = sourcecode.c.h; path = ERStage.h; sourceTree = "<group>"; };
		27DA9778186E7D540014F581 /* ERStage.m */ = {isa = PBXFileReference; fileEncoding = 4; lastKnownFileType = sourcecode.c.objc; path = ERStage.m; sourceTree = "<group>"; };
		27DA977A186E7D900014F581 /* ERRepo.h */ = {isa = PBXFileReference; fileEncoding = 4; lastKnownFileType = sourcecode.c.h; path = ERRepo.h; sourceTree = "<group>"; };
		27DA977B186E7D900014F581 /* ERRepo.m */ = {isa = PBXFileReference; fileEncoding = 4; lastKnownFileType = sourcecode.c.objc; path = ERRepo.m; sourceTree = "<group>"; };
		27DA977D186EBB9F0014F581 /* ERSubscriptionListViewController.h */ = {isa = PBXFileReference; fileEncoding = 4; lastKnownFileType = sourcecode.c.h; path = ERSubscriptionListViewController.h; sourceTree = "<group>"; };
		27DA977E186EBB9F0014F581 /* ERSubscriptionListViewController.m */ = {isa = PBXFileReference; fileEncoding = 4; lastKnownFileType = sourcecode.c.objc; path = ERSubscriptionListViewController.m; sourceTree = "<group>"; };
		27DA9780186EBCA90014F581 /* ERPythonSequence.h */ = {isa = PBXFileReference; fileEncoding = 4; lastKnownFileType = sourcecode.c.h; path = ERPythonSequence.h; sourceTree = "<group>"; };
		27DA9781186EBCA90014F581 /* ERPythonSequence.m */ = {isa = PBXFileReference; fileEncoding = 4; lastKnownFileType = sourcecode.c.objc; path = ERPythonSequence.m; sourceTree = "<group>"; };
		27DA9783186EC1A10014F581 /* ERSubscriptionList.h */ = {isa = PBXFileReference; fileEncoding = 4; lastKnownFileType = sourcecode.c.h; path = ERSubscriptionList.h; sourceTree = "<group>"; };
		27DA9784186EC1A10014F581 /* ERSubscriptionList.m */ = {isa = PBXFileReference; fileEncoding = 4; lastKnownFileType = sourcecode.c.objc; path = ERSubscriptionList.m; sourceTree = "<group>"; };
		27DA9786186EC7250014F581 /* kivy-ios-fat.a */ = {isa = PBXFileReference; lastKnownFileType = archive.ar; name = "kivy-ios-fat.a"; path = "build/lib/kivy-ios-fat.a"; sourceTree = "<group>"; };
		27DA9788186ED0020014F581 /* lib */ = {isa = PBXFileReference; lastKnownFileType = folder; name = lib; path = build/python/lib; sourceTree = "<group>"; };
		27DA978A186ED8F60014F581 /* ERFeed.h */ = {isa = PBXFileReference; fileEncoding = 4; lastKnownFileType = sourcecode.c.h; path = ERFeed.h; sourceTree = "<group>"; };
		27DA978B186ED8F60014F581 /* ERFeed.m */ = {isa = PBXFileReference; fileEncoding = 4; lastKnownFileType = sourcecode.c.objc; path = ERFeed.m; sourceTree = "<group>"; };
		27DA978D186EE0730014F581 /* ERPythonMapping.h */ = {isa = PBXFileReference; fileEncoding = 4; lastKnownFileType = sourcecode.c.h; path = ERPythonMapping.h; sourceTree = "<group>"; };
		27DA978E186EE0730014F581 /* ERPythonMapping.m */ = {isa = PBXFileReference; fileEncoding = 4; lastKnownFileType = sourcecode.c.objc; path = ERPythonMapping.m; sourceTree = "<group>"; };
		27DA9790186EE9CF0014F581 /* helpers.py */ = {isa = PBXFileReference; fileEncoding = 4; lastKnownFileType = text.script.python; name = helpers.py; path = EarthReader/helpers.py; sourceTree = "<group>"; };
		27DA9792186EF65C0014F581 /* ERFeedViewController.h */ = {isa = PBXFileReference; fileEncoding = 4; lastKnownFileType = sourcecode.c.h; path = ERFeedViewController.h; sourceTree = "<group>"; };
		27DA9793186EF65C0014F581 /* ERFeedViewController.m */ = {isa = PBXFileReference; fileEncoding = 4; lastKnownFileType = sourcecode.c.objc; path = ERFeedViewController.m; sourceTree = "<group>"; };
		DEF22E62BE3D4030B6F478DE /* Pods.xcconfig */ = {isa = PBXFileReference; includeInIndex = 1; lastKnownFileType = text.xcconfig; name = Pods.xcconfig; path = Pods/Pods.xcconfig; sourceTree = "<group>"; };
/* End PBXFileReference section */

/* Begin PBXFrameworksBuildPhase section */
		27CEE6EF186D75A10055DECD /* Frameworks */ = {
			isa = PBXFrameworksBuildPhase;
			buildActionMask = 2147483647;
			files = (
				27CEE729186D77DE0055DECD /* libz.dylib in Frameworks */,
				27CEE727186D77C10055DECD /* libsqlite3.dylib in Frameworks */,
				27CEE6F8186D75A10055DECD /* CoreGraphics.framework in Frameworks */,
				27CEE6FA186D75A10055DECD /* UIKit.framework in Frameworks */,
				27DA9787186EC7250014F581 /* kivy-ios-fat.a in Frameworks */,
				27CEE6F6186D75A10055DECD /* Foundation.framework in Frameworks */,
				04E24044CEF94B66B35D1151 /* libPods.a in Frameworks */,
			);
			runOnlyForDeploymentPostprocessing = 0;
		};
		27CEE70A186D75A10055DECD /* Frameworks */ = {
			isa = PBXFrameworksBuildPhase;
			buildActionMask = 2147483647;
			files = (
				27CEE711186D75A10055DECD /* UIKit.framework in Frameworks */,
				27CEE710186D75A10055DECD /* Foundation.framework in Frameworks */,
			);
			runOnlyForDeploymentPostprocessing = 0;
		};
/* End PBXFrameworksBuildPhase section */

/* Begin PBXGroup section */
		27CEE6E9186D75A10055DECD = {
			isa = PBXGroup;
			children = (
				27DA9790186EE9CF0014F581 /* helpers.py */,
				27CEE72E186D797A0055DECD /* libearth */,
				27DA9788186ED0020014F581 /* lib */,
				27CEE6FB186D75A10055DECD /* EarthReader */,
				27CEE6F4186D75A10055DECD /* Frameworks */,
				27CEE6F3186D75A10055DECD /* Products */,
				DEF22E62BE3D4030B6F478DE /* Pods.xcconfig */,
			);
			sourceTree = "<group>";
		};
		27CEE6F3186D75A10055DECD /* Products */ = {
			isa = PBXGroup;
			children = (
				27CEE6F2186D75A10055DECD /* EarthReader.app */,
				27CEE70D186D75A10055DECD /* EarthReaderTests.xctest */,
			);
			name = Products;
			sourceTree = "<group>";
		};
		27CEE6F4186D75A10055DECD /* Frameworks */ = {
			isa = PBXGroup;
			children = (
				27DA9786186EC7250014F581 /* kivy-ios-fat.a */,
				27CEE728186D77DE0055DECD /* libz.dylib */,
				27CEE726186D77C10055DECD /* libsqlite3.dylib */,
				27CEE6F5186D75A10055DECD /* Foundation.framework */,
				27CEE6F7186D75A10055DECD /* CoreGraphics.framework */,
				27CEE6F9186D75A10055DECD /* UIKit.framework */,
				1BB2CD8A46164308A3D4F577 /* libPods.a */,
			);
			name = Frameworks;
			sourceTree = "<group>";
		};
		27CEE6FB186D75A10055DECD /* EarthReader */ = {
			isa = PBXGroup;
			children = (
				27CEE704186D75A10055DECD /* ERAppDelegate.h */,
				27CEE705186D75A10055DECD /* ERAppDelegate.m */,
				27CEE707186D75A10055DECD /* Images.xcassets */,
				27CEE6FC186D75A10055DECD /* Supporting Files */,
				27DA9798186EFF580014F581 /* Python Bridge */,
				27DA9799186EFF7B0014F581 /* Models */,
				27DA979A186EFF8A0014F581 /* View Controllers */,
			);
			path = EarthReader;
			sourceTree = "<group>";
		};
		27CEE6FC186D75A10055DECD /* Supporting Files */ = {
			isa = PBXGroup;
			children = (
				27CEE6FD186D75A10055DECD /* EarthReader-Info.plist */,
				27CEE6FE186D75A10055DECD /* InfoPlist.strings */,
				27CEE701186D75A10055DECD /* main.m */,
				27CEE703186D75A10055DECD /* EarthReader-Prefix.pch */,
			);
			name = "Supporting Files";
			sourceTree = "<group>";
		};
		27DA9798186EFF580014F581 /* Python Bridge */ = {
			isa = PBXGroup;
			children = (
				27DA9774186E76C20014F581 /* ERPythonObject.h */,
				27DA9775186E76C20014F581 /* ERPythonObject.m */,
				27DA9780186EBCA90014F581 /* ERPythonSequence.h */,
				27DA9781186EBCA90014F581 /* ERPythonSequence.m */,
				27DA978D186EE0730014F581 /* ERPythonMapping.h */,
				27DA978E186EE0730014F581 /* ERPythonMapping.m */,
			);
			name = "Python Bridge";
			sourceTree = "<group>";
		};
		27DA9799186EFF7B0014F581 /* Models */ = {
			isa = PBXGroup;
			children = (
				27DA9771186E69300014F581 /* ERSession.h */,
				27DA9772186E69300014F581 /* ERSession.m */,
				27DA9777186E7D540014F581 /* ERStage.h */,
				27DA9778186E7D540014F581 /* ERStage.m */,
				27DA977A186E7D900014F581 /* ERRepo.h */,
				27DA977B186E7D900014F581 /* ERRepo.m */,
				27DA9783186EC1A10014F581 /* ERSubscriptionList.h */,
				27DA9784186EC1A10014F581 /* ERSubscriptionList.m */,
				27DA978A186ED8F60014F581 /* ERFeed.h */,
				27DA978B186ED8F60014F581 /* ERFeed.m */,
			);
			name = Models;
			sourceTree = "<group>";
		};
		27DA979A186EFF8A0014F581 /* View Controllers */ = {
			isa = PBXGroup;
			children = (
				27DA977D186EBB9F0014F581 /* ERSubscriptionListViewController.h */,
				27DA977E186EBB9F0014F581 /* ERSubscriptionListViewController.m */,
				27DA9792186EF65C0014F581 /* ERFeedViewController.h */,
				27DA9793186EF65C0014F581 /* ERFeedViewController.m */,
				27CEE7301870F36A0055DECD /* EREntryViewController.h */,
				27CEE7311870F36A0055DECD /* EREntryViewController.m */,
			);
			name = "View Controllers";
			sourceTree = "<group>";
		};
/* End PBXGroup section */

/* Begin PBXNativeTarget section */
		27CEE6F1186D75A10055DECD /* EarthReader */ = {
			isa = PBXNativeTarget;
			buildConfigurationList = 27CEE71E186D75A10055DECD /* Build configuration list for PBXNativeTarget "EarthReader" */;
			buildPhases = (
				6188C763D4774479906C3F2D /* Check Pods Manifest.lock */,
				27CEE6EE186D75A10055DECD /* Sources */,
				27CEE6EF186D75A10055DECD /* Frameworks */,
				27CEE6F0186D75A10055DECD /* Resources */,
				E9BCD1AC5A124C9BB831A259 /* Copy Pods Resources */,
			);
			buildRules = (
			);
			dependencies = (
			);
			name = EarthReader;
			productName = EarthReader;
			productReference = 27CEE6F2186D75A10055DECD /* EarthReader.app */;
			productType = "com.apple.product-type.application";
		};
		27CEE70C186D75A10055DECD /* EarthReaderTests */ = {
			isa = PBXNativeTarget;
			buildConfigurationList = 27CEE721186D75A10055DECD /* Build configuration list for PBXNativeTarget "EarthReaderTests" */;
			buildPhases = (
				27CEE709186D75A10055DECD /* Sources */,
				27CEE70A186D75A10055DECD /* Frameworks */,
				27CEE70B186D75A10055DECD /* Resources */,
			);
			buildRules = (
			);
			dependencies = (
				27CEE713186D75A10055DECD /* PBXTargetDependency */,
			);
			name = EarthReaderTests;
			productName = EarthReaderTests;
			productReference = 27CEE70D186D75A10055DECD /* EarthReaderTests.xctest */;
			productType = "com.apple.product-type.bundle.unit-test";
		};
/* End PBXNativeTarget section */

/* Begin PBXProject section */
		27CEE6EA186D75A10055DECD /* Project object */ = {
			isa = PBXProject;
			attributes = {
				CLASSPREFIX = ER;
				LastUpgradeCheck = 0500;
				ORGANIZATIONNAME = "Earth Reader";
				TargetAttributes = {
					27CEE70C186D75A10055DECD = {
						TestTargetID = 27CEE6F1186D75A10055DECD;
					};
				};
			};
			buildConfigurationList = 27CEE6ED186D75A10055DECD /* Build configuration list for PBXProject "EarthReader" */;
			compatibilityVersion = "Xcode 3.2";
			developmentRegion = English;
			hasScannedForEncodings = 0;
			knownRegions = (
				en,
			);
			mainGroup = 27CEE6E9186D75A10055DECD;
			productRefGroup = 27CEE6F3186D75A10055DECD /* Products */;
			projectDirPath = "";
			projectRoot = "";
			targets = (
				27CEE6F1186D75A10055DECD /* EarthReader */,
				27CEE70C186D75A10055DECD /* EarthReaderTests */,
			);
		};
/* End PBXProject section */

/* Begin PBXResourcesBuildPhase section */
		27CEE6F0186D75A10055DECD /* Resources */ = {
			isa = PBXResourcesBuildPhase;
			buildActionMask = 2147483647;
			files = (
				27CEE700186D75A10055DECD /* InfoPlist.strings in Resources */,
				27CEE708186D75A10055DECD /* Images.xcassets in Resources */,
				27DA9791186EE9CF0014F581 /* helpers.py in Resources */,
				27DA9789186ED0020014F581 /* lib in Resources */,
				27CEE72F186D797A0055DECD /* libearth in Resources */,
			);
			runOnlyForDeploymentPostprocessing = 0;
		};
		27CEE70B186D75A10055DECD /* Resources */ = {
			isa = PBXResourcesBuildPhase;
			buildActionMask = 2147483647;
			files = (
			);
			runOnlyForDeploymentPostprocessing = 0;
		};
/* End PBXResourcesBuildPhase section */

/* Begin PBXShellScriptBuildPhase section */
		6188C763D4774479906C3F2D /* Check Pods Manifest.lock */ = {
			isa = PBXShellScriptBuildPhase;
			buildActionMask = 2147483647;
			files = (
			);
			inputPaths = (
			);
			name = "Check Pods Manifest.lock";
			outputPaths = (
			);
			runOnlyForDeploymentPostprocessing = 0;
			shellPath = /bin/sh;
			shellScript = "diff \"${PODS_ROOT}/../Podfile.lock\" \"${PODS_ROOT}/Manifest.lock\" > /dev/null\nif [[ $? != 0 ]] ; then\n    cat << EOM\nerror: The sandbox is not in sync with the Podfile.lock. Run 'pod install' or update your CocoaPods installation.\nEOM\n    exit 1\nfi\n";
			showEnvVarsInLog = 0;
		};
		E9BCD1AC5A124C9BB831A259 /* Copy Pods Resources */ = {
			isa = PBXShellScriptBuildPhase;
			buildActionMask = 2147483647;
			files = (
			);
			inputPaths = (
			);
			name = "Copy Pods Resources";
			outputPaths = (
			);
			runOnlyForDeploymentPostprocessing = 0;
			shellPath = /bin/sh;
			shellScript = "\"${SRCROOT}/Pods/Pods-resources.sh\"\n";
			showEnvVarsInLog = 0;
		};
/* End PBXShellScriptBuildPhase section */

/* Begin PBXSourcesBuildPhase section */
		27CEE6EE186D75A10055DECD /* Sources */ = {
			isa = PBXSourcesBuildPhase;
			buildActionMask = 2147483647;
			files = (
				27DA977C186E7D900014F581 /* ERRepo.m in Sources */,
				27CEE702186D75A10055DECD /* main.m in Sources */,
				27DA978C186ED8F60014F581 /* ERFeed.m in Sources */,
				27CEE7321870F36A0055DECD /* EREntryViewController.m in Sources */,
				27DA9794186EF65C0014F581 /* ERFeedViewController.m in Sources */,
				27DA977F186EBB9F0014F581 /* ERSubscriptionListViewController.m in Sources */,
				27DA9773186E69300014F581 /* ERSession.m in Sources */,
				27DA978F186EE0730014F581 /* ERPythonMapping.m in Sources */,
				27CEE706186D75A10055DECD /* ERAppDelegate.m in Sources */,
				27DA9779186E7D540014F581 /* ERStage.m in Sources */,
				27DA9785186EC1A10014F581 /* ERSubscriptionList.m in Sources */,
				27DA9776186E76C20014F581 /* ERPythonObject.m in Sources */,
				27DA9782186EBCA90014F581 /* ERPythonSequence.m in Sources */,
			);
			runOnlyForDeploymentPostprocessing = 0;
		};
		27CEE709186D75A10055DECD /* Sources */ = {
			isa = PBXSourcesBuildPhase;
			buildActionMask = 2147483647;
			files = (
			);
			runOnlyForDeploymentPostprocessing = 0;
		};
/* End PBXSourcesBuildPhase section */

/* Begin PBXTargetDependency section */
		27CEE713186D75A10055DECD /* PBXTargetDependency */ = {
			isa = PBXTargetDependency;
			target = 27CEE6F1186D75A10055DECD /* EarthReader */;
			targetProxy = 27CEE712186D75A10055DECD /* PBXContainerItemProxy */;
		};
/* End PBXTargetDependency section */

/* Begin PBXVariantGroup section */
		27CEE6FE186D75A10055DECD /* InfoPlist.strings */ = {
			isa = PBXVariantGroup;
			children = (
				27CEE6FF186D75A10055DECD /* en */,
			);
			name = InfoPlist.strings;
			sourceTree = "<group>";
		};
/* End PBXVariantGroup section */

/* Begin XCBuildConfiguration section */
		27CEE71C186D75A10055DECD /* Debug */ = {
			isa = XCBuildConfiguration;
			buildSettings = {
				ALWAYS_SEARCH_USER_PATHS = NO;
				ARCHS = armv7;
				CLANG_CXX_LANGUAGE_STANDARD = "gnu++0x";
				CLANG_CXX_LIBRARY = "libc++";
				CLANG_ENABLE_MODULES = YES;
				CLANG_ENABLE_OBJC_ARC = YES;
				CLANG_WARN_BOOL_CONVERSION = YES;
				CLANG_WARN_CONSTANT_CONVERSION = YES;
				CLANG_WARN_DIRECT_OBJC_ISA_USAGE = YES_ERROR;
				CLANG_WARN_EMPTY_BODY = YES;
				CLANG_WARN_ENUM_CONVERSION = YES;
				CLANG_WARN_INT_CONVERSION = YES;
				CLANG_WARN_OBJC_ROOT_CLASS = YES_ERROR;
				CLANG_WARN__DUPLICATE_METHOD_MATCH = YES;
				"CODE_SIGN_IDENTITY[sdk=iphoneos*]" = "iPhone Developer";
				COPY_PHASE_STRIP = NO;
				GCC_C_LANGUAGE_STANDARD = gnu99;
				GCC_DYNAMIC_NO_PIC = NO;
				GCC_OPTIMIZATION_LEVEL = 0;
				GCC_PREPROCESSOR_DEFINITIONS = (
					"DEBUG=1",
					"$(inherited)",
				);
				GCC_SYMBOLS_PRIVATE_EXTERN = NO;
				GCC_WARN_64_TO_32_BIT_CONVERSION = YES;
				GCC_WARN_ABOUT_RETURN_TYPE = YES_ERROR;
				GCC_WARN_UNDECLARED_SELECTOR = YES;
				GCC_WARN_UNINITIALIZED_AUTOS = YES;
				GCC_WARN_UNUSED_FUNCTION = YES;
				GCC_WARN_UNUSED_VARIABLE = YES;
				IPHONEOS_DEPLOYMENT_TARGET = 7.0;
				ONLY_ACTIVE_ARCH = YES;
				SDKROOT = iphoneos;
				TARGETED_DEVICE_FAMILY = "1,2";
				USER_HEADER_SEARCH_PATHS = "$(PROJECT_DIR)/build/python/include $(PROJECT_DIR)/build/include";
			};
			name = Debug;
		};
		27CEE71D186D75A10055DECD /* Release */ = {
			isa = XCBuildConfiguration;
			buildSettings = {
				ALWAYS_SEARCH_USER_PATHS = NO;
				ARCHS = armv7;
				CLANG_CXX_LANGUAGE_STANDARD = "gnu++0x";
				CLANG_CXX_LIBRARY = "libc++";
				CLANG_ENABLE_MODULES = YES;
				CLANG_ENABLE_OBJC_ARC = YES;
				CLANG_WARN_BOOL_CONVERSION = YES;
				CLANG_WARN_CONSTANT_CONVERSION = YES;
				CLANG_WARN_DIRECT_OBJC_ISA_USAGE = YES_ERROR;
				CLANG_WARN_EMPTY_BODY = YES;
				CLANG_WARN_ENUM_CONVERSION = YES;
				CLANG_WARN_INT_CONVERSION = YES;
				CLANG_WARN_OBJC_ROOT_CLASS = YES_ERROR;
				CLANG_WARN__DUPLICATE_METHOD_MATCH = YES;
				"CODE_SIGN_IDENTITY[sdk=iphoneos*]" = "iPhone Developer";
				COPY_PHASE_STRIP = YES;
				ENABLE_NS_ASSERTIONS = NO;
				GCC_C_LANGUAGE_STANDARD = gnu99;
				GCC_WARN_64_TO_32_BIT_CONVERSION = YES;
				GCC_WARN_ABOUT_RETURN_TYPE = YES_ERROR;
				GCC_WARN_UNDECLARED_SELECTOR = YES;
				GCC_WARN_UNINITIALIZED_AUTOS = YES;
				GCC_WARN_UNUSED_FUNCTION = YES;
				GCC_WARN_UNUSED_VARIABLE = YES;
				IPHONEOS_DEPLOYMENT_TARGET = 7.0;
				SDKROOT = iphoneos;
				TARGETED_DEVICE_FAMILY = "1,2";
				USER_HEADER_SEARCH_PATHS = "$(PROJECT_DIR)/build/python/include $(PROJECT_DIR)/build/include";
				VALIDATE_PRODUCT = YES;
			};
			name = Release;
		};
		27CEE71F186D75A10055DECD /* Debug */ = {
			isa = XCBuildConfiguration;
			baseConfigurationReference = DEF22E62BE3D4030B6F478DE /* Pods.xcconfig */;
			buildSettings = {
				ASSETCATALOG_COMPILER_APPICON_NAME = AppIcon;
				ASSETCATALOG_COMPILER_LAUNCHIMAGE_NAME = LaunchImage;
				CODE_SIGN_IDENTITY = "iPhone Developer";
				"CODE_SIGN_IDENTITY[sdk=iphoneos*]" = "iPhone Developer";
				GCC_PRECOMPILE_PREFIX_HEADER = YES;
				GCC_PREFIX_HEADER = "EarthReader/EarthReader-Prefix.pch";
				INFOPLIST_FILE = "EarthReader/EarthReader-Info.plist";
				LIBRARY_SEARCH_PATHS = "$(inherited)";
				PRODUCT_NAME = "$(TARGET_NAME)";
				PROVISIONING_PROFILE = "";
				WRAPPER_EXTENSION = app;
			};
			name = Debug;
		};
		27CEE720186D75A10055DECD /* Release */ = {
			isa = XCBuildConfiguration;
			baseConfigurationReference = DEF22E62BE3D4030B6F478DE /* Pods.xcconfig */;
			buildSettings = {
				ASSETCATALOG_COMPILER_APPICON_NAME = AppIcon;
				ASSETCATALOG_COMPILER_LAUNCHIMAGE_NAME = LaunchImage;
				CODE_SIGN_IDENTITY = "iPhone Developer";
				"CODE_SIGN_IDENTITY[sdk=iphoneos*]" = "iPhone Developer";
				GCC_PRECOMPILE_PREFIX_HEADER = YES;
				GCC_PREFIX_HEADER = "EarthReader/EarthReader-Prefix.pch";
				INFOPLIST_FILE = "EarthReader/EarthReader-Info.plist";
				LIBRARY_SEARCH_PATHS = "$(inherited)";
				PRODUCT_NAME = "$(TARGET_NAME)";
				PROVISIONING_PROFILE = "";
				WRAPPER_EXTENSION = app;
			};
			name = Release;
		};
		27CEE722186D75A10055DECD /* Debug */ = {
			isa = XCBuildConfiguration;
			buildSettings = {
				ARCHS = "$(ARCHS_STANDARD_INCLUDING_64_BIT)";
				BUNDLE_LOADER = "$(BUILT_PRODUCTS_DIR)/EarthReader.app/EarthReader";
				FRAMEWORK_SEARCH_PATHS = (
					"$(SDKROOT)/Developer/Library/Frameworks",
					"$(inherited)",
					"$(DEVELOPER_FRAMEWORKS_DIR)",
				);
				GCC_PRECOMPILE_PREFIX_HEADER = YES;
				GCC_PREFIX_HEADER = "EarthReader/EarthReader-Prefix.pch";
				GCC_PREPROCESSOR_DEFINITIONS = (
					"DEBUG=1",
					"$(inherited)",
				);
				INFOPLIST_FILE = "EarthReaderTests/EarthReaderTests-Info.plist";
				PRODUCT_NAME = "$(TARGET_NAME)";
				TEST_HOST = "$(BUNDLE_LOADER)";
				WRAPPER_EXTENSION = xctest;
			};
			name = Debug;
		};
		27CEE723186D75A10055DECD /* Release */ = {
			isa = XCBuildConfiguration;
			buildSettings = {
				ARCHS = "$(ARCHS_STANDARD_INCLUDING_64_BIT)";
				BUNDLE_LOADER = "$(BUILT_PRODUCTS_DIR)/EarthReader.app/EarthReader";
				FRAMEWORK_SEARCH_PATHS = (
					"$(SDKROOT)/Developer/Library/Frameworks",
					"$(inherited)",
					"$(DEVELOPER_FRAMEWORKS_DIR)",
				);
				GCC_PRECOMPILE_PREFIX_HEADER = YES;
				GCC_PREFIX_HEADER = "EarthReader/EarthReader-Prefix.pch";
				INFOPLIST_FILE = "EarthReaderTests/EarthReaderTests-Info.plist";
				PRODUCT_NAME = "$(TARGET_NAME)";
				TEST_HOST = "$(BUNDLE_LOADER)";
				WRAPPER_EXTENSION = xctest;
			};
			name = Release;
		};
/* End XCBuildConfiguration section */

/* Begin XCConfigurationList section */
		27CEE6ED186D75A10055DECD /* Build configuration list for PBXProject "EarthReader" */ = {
			isa = XCConfigurationList;
			buildConfigurations = (
				27CEE71C186D75A10055DECD /* Debug */,
				27CEE71D186D75A10055DECD /* Release */,
			);
			defaultConfigurationIsVisible = 0;
			defaultConfigurationName = Release;
		};
		27CEE71E186D75A10055DECD /* Build configuration list for PBXNativeTarget "EarthReader" */ = {
			isa = XCConfigurationList;
			buildConfigurations = (
				27CEE71F186D75A10055DECD /* Debug */,
				27CEE720186D75A10055DECD /* Release */,
			);
			defaultConfigurationIsVisible = 0;
			defaultConfigurationName = Release;
		};
		27CEE721186D75A10055DECD /* Build configuration list for PBXNativeTarget "EarthReaderTests" */ = {
			isa = XCConfigurationList;
			buildConfigurations = (
				27CEE722186D75A10055DECD /* Debug */,
				27CEE723186D75A10055DECD /* Release */,
			);
			defaultConfigurationIsVisible = 0;
			defaultConfigurationName = Release;
		};
/* End XCConfigurationList section */
	};
	rootObject = 27CEE6EA186D75A10055DECD /* Project object */;
}
